
Microsoft Visual Studio Solution File, Format Version 12.00
# Visual Studio Version 16
VisualStudioVersion = 16.0.30320.27
MinimumVisualStudioVersion = 10.0.40219.1
Project("{FAE04EC0-301F-11D3-BF4B-00C04F79EFBC}") = "Teste Git Bash", "Teste Git Bash\Teste Git Bash.csproj", "{F8BF163E-8DE1-4D4A-88C9-93D2A1FDF55E}"
EndProject
Global
	GlobalSection(SolutionConfigurationPlatforms) = preSolution
		Debug|Any CPU = Debug|Any CPU
		Release|Any CPU = Release|Any CPU
	EndGlobalSection
	GlobalSection(ProjectConfigurationPlatforms) = postSolution
		{F8BF163E-8DE1-4D4A-88C9-93D2A1FDF55E}.Debug|Any CPU.ActiveCfg = Debug|Any CPU
		{F8BF163E-8DE1-4D4A-88C9-93D2A1FDF55E}.Debug|Any CPU.Build.0 = Debug|Any CPU
		{F8BF163E-8DE1-4D4A-88C9-93D2A1FDF55E}.Release|Any CPU.ActiveCfg = Release|Any CPU
		{F8BF163E-8DE1-4D4A-88C9-93D2A1FDF55E}.Release|Any CPU.Build.0 = Release|Any CPU
	EndGlobalSection
	GlobalSection(SolutionProperties) = preSolution
		HideSolutionNode = FALSE
	EndGlobalSection
	GlobalSection(ExtensibilityGlobals) = postSolution
		SolutionGuid = {CBFE7428-FE1D-4D86-BEEE-F5AA0C76E089}
	EndGlobalSection
EndGlobal
